{
  "name": "web-page",
  "version": "1.0.0",
  "lockfileVersion": 3,
  "requires": true,
  "packages": {
    "": {
      "name": "web-page",
      "version": "1.0.0",
      "license": "ISC",
      "dependencies": {
        "root": "file:.."
      }
    },
    "..": {
      "version": "1.0.0",
      "license": "ISC",
      "workspaces": [
        "packages/*"
      ],
      "devDependencies": {
        "http-server": "^14.1.1",
        "lerna": "^8.1.2",
        "snowpack": "^3.8.8"
      }
    },
    "node_modules/root": {
      "resolved": "..",
      "link": true
    }
  }
}
